
Microsoft Visual Studio Solution File, Format Version 12.00
# Visual Studio Version 17
VisualStudioVersion = 17.4.33110.190
MinimumVisualStudioVersion = 10.0.40219.1
Project("{FAE04EC0-301F-11D3-BF4B-00C04F79EFBC}") = "MusicPlayer", "MusicPlayer.csproj", "{861E534B-39A7-4459-AB0B-729EF4900081}"
EndProject
Global
	GlobalSection(SolutionConfigurationPlatforms) = preSolution
		Debug|Any CPU = Debug|Any CPU
		Release|Any CPU = Release|Any CPU
	EndGlobalSection
	GlobalSection(ProjectConfigurationPlatforms) = postSolution
		{861E534B-39A7-4459-AB0B-729EF4900081}.Debug|Any CPU.ActiveCfg = Debug|Any CPU
		{861E534B-39A7-4459-AB0B-729EF4900081}.Debug|Any CPU.Build.0 = Debug|Any CPU
		{861E534B-39A7-4459-AB0B-729EF4900081}.Release|Any CPU.ActiveCfg = Release|Any CPU
		{861E534B-39A7-4459-AB0B-729EF4900081}.Release|Any CPU.Build.0 = Release|Any CPU
	EndGlobalSection
	GlobalSection(SolutionProperties) = preSolution
		HideSolutionNode = FALSE
	EndGlobalSection
	GlobalSection(ExtensibilityGlobals) = postSolution
		SolutionGuid = {C8536FFB-1CB7-47E1-BC68-8CD198E698B9}
	EndGlobalSection
EndGlobal
